
Microsoft Visual Studio Solution File, Format Version 12.00
# Visual Studio Version 17
VisualStudioVersion = 17.5.33627.172
MinimumVisualStudioVersion = 10.0.40219.1
Project("{888888A0-9F3D-457C-B088-3A5042F75D52}") = "CIS110 Course Project", "CIS110 Course Project.pyproj", "{820EA57E-86F5-423D-B00F-3BF4FE06C51A}"
EndProject
Global
	GlobalSection(SolutionConfigurationPlatforms) = preSolution
		Debug|Any CPU = Debug|Any CPU
		Release|Any CPU = Release|Any CPU
	EndGlobalSection
	GlobalSection(ProjectConfigurationPlatforms) = postSolution
		{820EA57E-86F5-423D-B00F-3BF4FE06C51A}.Debug|Any CPU.ActiveCfg = Debug|Any CPU
		{820EA57E-86F5-423D-B00F-3BF4FE06C51A}.Release|Any CPU.ActiveCfg = Release|Any CPU
	EndGlobalSection
	GlobalSection(SolutionProperties) = preSolution
		HideSolutionNode = FALSE
	EndGlobalSection
	GlobalSection(ExtensibilityGlobals) = postSolution
		SolutionGuid = {F3BE2785-D4B8-4A90-89C1-6862781CA360}
	EndGlobalSection
EndGlobal
